
Microsoft Visual Studio Solution File, Format Version 12.00
# Visual Studio Version 17
VisualStudioVersion = 17.5.33530.505
MinimumVisualStudioVersion = 10.0.40219.1
Project("{FAE04EC0-301F-11D3-BF4B-00C04F79EFBC}") = "CatNewsApi_TierArch", "CatNewsApi_TierArch.csproj", "{C5E43E29-41A8-401A-851B-4B91A0FBD3B8}"
EndProject
Project("{FAE04EC0-301F-11D3-BF4B-00C04F79EFBC}") = "DAL", "..\DAL\DAL.csproj", "{C2672503-C0FA-46C8-BFD1-A4D1DA3FDFCB}"
EndProject
Project("{FAE04EC0-301F-11D3-BF4B-00C04F79EFBC}") = "BLL", "..\BLL\BLL.csproj", "{63E468F7-BE81-4FCA-B954-7D7E4F88FA4A}"
EndProject
Global
	GlobalSection(SolutionConfigurationPlatforms) = preSolution
		Debug|Any CPU = Debug|Any CPU
		Release|Any CPU = Release|Any CPU
	EndGlobalSection
	GlobalSection(ProjectConfigurationPlatforms) = postSolution
		{C5E43E29-41A8-401A-851B-4B91A0FBD3B8}.Debug|Any CPU.ActiveCfg = Debug|Any CPU
		{C5E43E29-41A8-401A-851B-4B91A0FBD3B8}.Debug|Any CPU.Build.0 = Debug|Any CPU
		{C5E43E29-41A8-401A-851B-4B91A0FBD3B8}.Release|Any CPU.ActiveCfg = Release|Any CPU
		{C5E43E29-41A8-401A-851B-4B91A0FBD3B8}.Release|Any CPU.Build.0 = Release|Any CPU
		{C2672503-C0FA-46C8-BFD1-A4D1DA3FDFCB}.Debug|Any CPU.ActiveCfg = Debug|Any CPU
		{C2672503-C0FA-46C8-BFD1-A4D1DA3FDFCB}.Debug|Any CPU.Build.0 = Debug|Any CPU
		{C2672503-C0FA-46C8-BFD1-A4D1DA3FDFCB}.Release|Any CPU.ActiveCfg = Release|Any CPU
		{C2672503-C0FA-46C8-BFD1-A4D1DA3FDFCB}.Release|Any CPU.Build.0 = Release|Any CPU
		{63E468F7-BE81-4FCA-B954-7D7E4F88FA4A}.Debug|Any CPU.ActiveCfg = Debug|Any CPU
		{63E468F7-BE81-4FCA-B954-7D7E4F88FA4A}.Debug|Any CPU.Build.0 = Debug|Any CPU
		{63E468F7-BE81-4FCA-B954-7D7E4F88FA4A}.Release|Any CPU.ActiveCfg = Release|Any CPU
		{63E468F7-BE81-4FCA-B954-7D7E4F88FA4A}.Release|Any CPU.Build.0 = Release|Any CPU
	EndGlobalSection
	GlobalSection(SolutionProperties) = preSolution
		HideSolutionNode = FALSE
	EndGlobalSection
	GlobalSection(ExtensibilityGlobals) = postSolution
		SolutionGuid = {648A439E-2588-4B08-BD2E-6DBB242F1653}
	EndGlobalSection
EndGlobal
