
Microsoft Visual Studio Solution File, Format Version 12.00
# Visual Studio Version 17
VisualStudioVersion = 17.5.33530.505
MinimumVisualStudioVersion = 10.0.40219.1
Project("{FAE04EC0-301F-11D3-BF4B-00C04F79EFBC}") = "RegistrationValidation", "RegistrationValidation.csproj", "{F7638B5F-4E48-41CA-B038-C267608881BD}"
EndProject
Global
	GlobalSection(SolutionConfigurationPlatforms) = preSolution
		Debug|Any CPU = Debug|Any CPU
		Release|Any CPU = Release|Any CPU
	EndGlobalSection
	GlobalSection(ProjectConfigurationPlatforms) = postSolution
		{F7638B5F-4E48-41CA-B038-C267608881BD}.Debug|Any CPU.ActiveCfg = Debug|Any CPU
		{F7638B5F-4E48-41CA-B038-C267608881BD}.Debug|Any CPU.Build.0 = Debug|Any CPU
		{F7638B5F-4E48-41CA-B038-C267608881BD}.Release|Any CPU.ActiveCfg = Release|Any CPU
		{F7638B5F-4E48-41CA-B038-C267608881BD}.Release|Any CPU.Build.0 = Release|Any CPU
	EndGlobalSection
	GlobalSection(SolutionProperties) = preSolution
		HideSolutionNode = FALSE
	EndGlobalSection
	GlobalSection(ExtensibilityGlobals) = postSolution
		SolutionGuid = {FBFCDBD4-9482-4206-BDB7-737D4AC04778}
	EndGlobalSection
EndGlobal
